
Microsoft Visual Studio Solution File, Format Version 12.00
# Visual Studio Version 17
VisualStudioVersion = 17.0.31710.8
MinimumVisualStudioVersion = 10.0.40219.1
Project("{9A19103F-16F7-4668-BE54-9A1E7A4F7556}") = "Socket.Cliente", "Socket.Cliente\Socket.Cliente.csproj", "{DD3D593D-1A0E-401D-8286-310F0CDF2A30}"
EndProject
Project("{9A19103F-16F7-4668-BE54-9A1E7A4F7556}") = "Socket.Servidor", "Socket.Servidor\Socket.Servidor.csproj", "{D80133E8-230D-401D-8C65-F8D654BEEC01}"
EndProject
Project("{2150E333-8FDC-42A3-9474-1A3956D46DE8}") = "Solution Items", "Solution Items", "{2F76A590-917A-4353-A2BE-674FA97A2E54}"
	ProjectSection(SolutionItems) = preProject
		README.md = README.md
	EndProjectSection
EndProject
Global
	GlobalSection(SolutionConfigurationPlatforms) = preSolution
		Debug|Any CPU = Debug|Any CPU
		Release|Any CPU = Release|Any CPU
	EndGlobalSection
	GlobalSection(ProjectConfigurationPlatforms) = postSolution
		{DD3D593D-1A0E-401D-8286-310F0CDF2A30}.Debug|Any CPU.ActiveCfg = Debug|Any CPU
		{DD3D593D-1A0E-401D-8286-310F0CDF2A30}.Debug|Any CPU.Build.0 = Debug|Any CPU
		{DD3D593D-1A0E-401D-8286-310F0CDF2A30}.Release|Any CPU.ActiveCfg = Release|Any CPU
		{DD3D593D-1A0E-401D-8286-310F0CDF2A30}.Release|Any CPU.Build.0 = Release|Any CPU
		{D80133E8-230D-401D-8C65-F8D654BEEC01}.Debug|Any CPU.ActiveCfg = Debug|Any CPU
		{D80133E8-230D-401D-8C65-F8D654BEEC01}.Debug|Any CPU.Build.0 = Debug|Any CPU
		{D80133E8-230D-401D-8C65-F8D654BEEC01}.Release|Any CPU.ActiveCfg = Release|Any CPU
		{D80133E8-230D-401D-8C65-F8D654BEEC01}.Release|Any CPU.Build.0 = Release|Any CPU
	EndGlobalSection
	GlobalSection(SolutionProperties) = preSolution
		HideSolutionNode = FALSE
	EndGlobalSection
	GlobalSection(ExtensibilityGlobals) = postSolution
		SolutionGuid = {29237E84-57CB-4537-AF52-8DAAD84D6D2F}
	EndGlobalSection
EndGlobal
